
Microsoft Visual Studio Solution File, Format Version 12.00
# Visual Studio 15
VisualStudioVersion = 15.0.28010.2050
MinimumVisualStudioVersion = 10.0.40219.1
Project("{FAE04EC0-301F-11D3-BF4B-00C04F79EFBC}") = "Usando Aritmetica modular", "Usando Aritmetica modular\Usando Aritmetica modular.csproj", "{135C2F2F-B0BB-4E01-A4D0-1CBC3577FA40}"
EndProject
Global
	GlobalSection(SolutionConfigurationPlatforms) = preSolution
		Debug|Any CPU = Debug|Any CPU
		Release|Any CPU = Release|Any CPU
	EndGlobalSection
	GlobalSection(ProjectConfigurationPlatforms) = postSolution
		{135C2F2F-B0BB-4E01-A4D0-1CBC3577FA40}.Debug|Any CPU.ActiveCfg = Debug|Any CPU
		{135C2F2F-B0BB-4E01-A4D0-1CBC3577FA40}.Debug|Any CPU.Build.0 = Debug|Any CPU
		{135C2F2F-B0BB-4E01-A4D0-1CBC3577FA40}.Release|Any CPU.ActiveCfg = Release|Any CPU
		{135C2F2F-B0BB-4E01-A4D0-1CBC3577FA40}.Release|Any CPU.Build.0 = Release|Any CPU
	EndGlobalSection
	GlobalSection(SolutionProperties) = preSolution
		HideSolutionNode = FALSE
	EndGlobalSection
	GlobalSection(ExtensibilityGlobals) = postSolution
		SolutionGuid = {59F8ABEF-7CD1-4B1A-A845-433DCE177F14}
	EndGlobalSection
EndGlobal
