
Microsoft Visual Studio Solution File, Format Version 12.00
# Visual Studio 15
VisualStudioVersion = 15.0.28010.2050
MinimumVisualStudioVersion = 10.0.40219.1
Project("{FAE04EC0-301F-11D3-BF4B-00C04F79EFBC}") = "Manejo de Listas enlazadas Dobles", "Manejo de Listas enlazadas Dobles\Manejo de Listas enlazadas Dobles.csproj", "{CEC26789-9673-4D12-8DDB-5B30194BDD17}"
EndProject
Global
	GlobalSection(SolutionConfigurationPlatforms) = preSolution
		Debug|Any CPU = Debug|Any CPU
		Release|Any CPU = Release|Any CPU
	EndGlobalSection
	GlobalSection(ProjectConfigurationPlatforms) = postSolution
		{CEC26789-9673-4D12-8DDB-5B30194BDD17}.Debug|Any CPU.ActiveCfg = Debug|Any CPU
		{CEC26789-9673-4D12-8DDB-5B30194BDD17}.Debug|Any CPU.Build.0 = Debug|Any CPU
		{CEC26789-9673-4D12-8DDB-5B30194BDD17}.Release|Any CPU.ActiveCfg = Release|Any CPU
		{CEC26789-9673-4D12-8DDB-5B30194BDD17}.Release|Any CPU.Build.0 = Release|Any CPU
	EndGlobalSection
	GlobalSection(SolutionProperties) = preSolution
		HideSolutionNode = FALSE
	EndGlobalSection
	GlobalSection(ExtensibilityGlobals) = postSolution
		SolutionGuid = {4B0409DA-75E3-4477-A2E4-145F7C4F6477}
	EndGlobalSection
EndGlobal
