
Microsoft Visual Studio Solution File, Format Version 12.00
# Visual Studio 15
VisualStudioVersion = 15.0.28010.2050
MinimumVisualStudioVersion = 10.0.40219.1
Project("{FAE04EC0-301F-11D3-BF4B-00C04F79EFBC}") = "Colas Dinámicas", "Colas Dinámicas\Colas Dinámicas.csproj", "{1E65A7CA-000B-455F-92E0-8C48D7359AF9}"
EndProject
Global
	GlobalSection(SolutionConfigurationPlatforms) = preSolution
		Debug|Any CPU = Debug|Any CPU
		Release|Any CPU = Release|Any CPU
	EndGlobalSection
	GlobalSection(ProjectConfigurationPlatforms) = postSolution
		{1E65A7CA-000B-455F-92E0-8C48D7359AF9}.Debug|Any CPU.ActiveCfg = Debug|Any CPU
		{1E65A7CA-000B-455F-92E0-8C48D7359AF9}.Debug|Any CPU.Build.0 = Debug|Any CPU
		{1E65A7CA-000B-455F-92E0-8C48D7359AF9}.Release|Any CPU.ActiveCfg = Release|Any CPU
		{1E65A7CA-000B-455F-92E0-8C48D7359AF9}.Release|Any CPU.Build.0 = Release|Any CPU
	EndGlobalSection
	GlobalSection(SolutionProperties) = preSolution
		HideSolutionNode = FALSE
	EndGlobalSection
	GlobalSection(ExtensibilityGlobals) = postSolution
		SolutionGuid = {9B9A87B3-4D1D-4615-9B27-7F4A0113FFF5}
	EndGlobalSection
EndGlobal
